
Microsoft Visual Studio Solution File, Format Version 12.00
# Visual Studio Version 17
VisualStudioVersion = 17.4.33205.214
MinimumVisualStudioVersion = 10.0.40219.1
Project("{FAE04EC0-301F-11D3-BF4B-00C04F79EFBC}") = "Chumak10.03", "Chumak10.03.csproj", "{B77A522B-A0A1-4B31-A5C3-281506C93D7B}"
EndProject
Global
	GlobalSection(SolutionConfigurationPlatforms) = preSolution
		Debug|Any CPU = Debug|Any CPU
		Release|Any CPU = Release|Any CPU
	EndGlobalSection
	GlobalSection(ProjectConfigurationPlatforms) = postSolution
		{B77A522B-A0A1-4B31-A5C3-281506C93D7B}.Debug|Any CPU.ActiveCfg = Debug|Any CPU
		{B77A522B-A0A1-4B31-A5C3-281506C93D7B}.Debug|Any CPU.Build.0 = Debug|Any CPU
		{B77A522B-A0A1-4B31-A5C3-281506C93D7B}.Release|Any CPU.ActiveCfg = Release|Any CPU
		{B77A522B-A0A1-4B31-A5C3-281506C93D7B}.Release|Any CPU.Build.0 = Release|Any CPU
	EndGlobalSection
	GlobalSection(SolutionProperties) = preSolution
		HideSolutionNode = FALSE
	EndGlobalSection
	GlobalSection(ExtensibilityGlobals) = postSolution
		SolutionGuid = {B2C54B38-93B7-4705-B06D-CFA76616BC66}
	EndGlobalSection
EndGlobal
